<?xml version="1.0" encoding="utf-8"?>
<Project ToolsVersion="4.0" xmlns="http://schemas.microsoft.com/developer/msbuild/2003">
  <ItemGroup>
    <ClCompile Include="MutableNetwork.cpp" />
    <ClCompile Include="Genome.cpp" />
    <ClCompile Include="Neat.cpp" />
    <ClCompile Include="Species.cpp" />
    <ClCompile Include="Generation.cpp" />
    <ClCompile Include="GenomeBase.cpp" />
    <ClCompile Include="DefaultMutation.cpp" />
    <ClCompile Include="DefaultCrossOver.cpp" />
    <ClCompile Include="DefaultGenomeSelector.cpp" />
    <ClCompile Include="GenerationBase.cpp" />
    <ClCompile Include="SpeciesChampionSelector.cpp" />
    <ClCompile Include="MutationDelegate.cpp" />
  </ItemGroup>
  <ItemGroup>
    <ClInclude Include="NeuralNetwork.h" />
    <ClInclude Include="MutableNetwork.h" />
    <ClInclude Include="Genome.h" />
    <ClInclude Include="Neat.h" />
    <ClInclude Include="Species.h" />
    <ClInclude Include="Generation.h" />
    <ClInclude Include="NeatBase.h" />
    <ClInclude Include="GenerationBase.h" />
    <ClInclude Include="GenomeBase.h" />
    <ClInclude Include="DefaultMutation.h" />
    <ClInclude Include="DefaultCrossOver.h" />
    <ClInclude Include="DefaultGenomeSelector.h" />
    <ClInclude Include="SpeciesChampionSelector.h" />
    <ClInclude Include="GenomeGenerator.h" />
    <ClInclude Include="GenomeSelectorBase.h" />
    <ClInclude Include="MutationDelegate.h" />
    <ClInclude Include="CrossOverDelegate.h" />
  </ItemGroup>
</Project>