<?xml version="1.0" encoding="utf-8"?>
<Project ToolsVersion="4.0" xmlns="http://schemas.microsoft.com/developer/msbuild/2003">
  <ItemGroup>
    <ClCompile Include="MutableNetwork.cpp" />
    <ClCompile Include="Genome.cpp" />
    <ClCompile Include="Neat.cpp" />
    <ClCompile Include="Species.cpp" />
  </ItemGroup>
  <ItemGroup>
    <ClInclude Include="NeuralNetwork.h" />
    <ClInclude Include="MutableNetwork.h" />
    <ClInclude Include="Genome.h" />
    <ClInclude Include="Neat.h" />
    <ClInclude Include="Species.h" />
    <ClInclude Include="Generation.h" />
    <ClInclude Include="NeatBase.h" />
  </ItemGroup>
</Project>