<?xml version="1.0" encoding="utf-8"?>
<Project ToolsVersion="4.0" xmlns="http://schemas.microsoft.com/developer/msbuild/2003">
  <ItemGroup>
    <ClCompile Include="UnitTestPch.cpp" />
    <ClCompile Include="Util\TestUtils.cpp">
      <Filter>Util</Filter>
    </ClCompile>
    <ClCompile Include="Geometry\PlaneShapeTest.cpp">
      <Filter>Geometry</Filter>
    </ClCompile>
    <ClCompile Include="EvoAlgo\ActivationLibraryTest.cpp">
      <Filter>EvoAlgo</Filter>
    </ClCompile>
    <ClCompile Include="EvoAlgo\BakedNeuralNetworkTest.cpp">
      <Filter>EvoAlgo</Filter>
    </ClCompile>
    <ClCompile Include="EvoAlgo\DefaultCrossOverTest.cpp">
      <Filter>EvoAlgo</Filter>
    </ClCompile>
    <ClCompile Include="EvoAlgo\DefaultMutationTest.cpp">
      <Filter>EvoAlgo</Filter>
    </ClCompile>
    <ClCompile Include="EvoAlgo\FeedForwardNetworkTest.cpp">
      <Filter>EvoAlgo</Filter>
    </ClCompile>
    <ClCompile Include="EvoAlgo\GenerationTest.cpp">
      <Filter>EvoAlgo</Filter>
    </ClCompile>
    <ClCompile Include="EvoAlgo\GenomeBaseTest.cpp">
      <Filter>EvoAlgo</Filter>
    </ClCompile>
    <ClCompile Include="EvoAlgo\GenomeClonerTest.cpp">
      <Filter>EvoAlgo</Filter>
    </ClCompile>
    <ClCompile Include="EvoAlgo\GenomeTest.cpp">
      <Filter>EvoAlgo</Filter>
    </ClCompile>
    <ClCompile Include="EvoAlgo\NeuralNetworkEvaluatorTest.cpp">
      <Filter>EvoAlgo</Filter>
    </ClCompile>
    <ClCompile Include="EvoAlgo\NeuralNetworkTest.cpp">
      <Filter>EvoAlgo</Filter>
    </ClCompile>
    <ClCompile Include="EvoAlgo\SpeciesBasedGenomeSelectorTest.cpp">
      <Filter>EvoAlgo</Filter>
    </ClCompile>
    <ClCompile Include="EvoAlgo\SpeciesChampionSelectorTest.cpp">
      <Filter>EvoAlgo</Filter>
    </ClCompile>
    <ClCompile Include="EvoAlgo\SpeciesTest.cpp">
      <Filter>EvoAlgo</Filter>
    </ClCompile>
  </ItemGroup>
  <ItemGroup>
    <ClInclude Include="UnitTestPch.h" />
    <ClInclude Include="Util\TestUtils.h">
      <Filter>Util</Filter>
    </ClInclude>
    <ClInclude Include="UnitTestBaseTypes.h">
      <Filter>Util</Filter>
    </ClInclude>
  </ItemGroup>
  <ItemGroup>
    <None Include="packages.config" />
  </ItemGroup>
  <ItemGroup>
    <Filter Include="Util">
      <UniqueIdentifier>{4d821edc-ba34-4188-9684-fb6e58248c9f}</UniqueIdentifier>
    </Filter>
    <Filter Include="EvoAlgo">
      <UniqueIdentifier>{d9900390-5afb-4b15-9826-7f28e7462df6}</UniqueIdentifier>
    </Filter>
    <Filter Include="Geometry">
      <UniqueIdentifier>{2324dcd9-4e37-4f46-b81b-2354e71fef30}</UniqueIdentifier>
    </Filter>
  </ItemGroup>
</Project>