<?xml version="1.0" encoding="utf-8"?>
<Project ToolsVersion="4.0" xmlns="http://schemas.microsoft.com/developer/msbuild/2003">
  <ItemGroup>
    <ClCompile Include="UnitTestPch.cpp" />
    <ClCompile Include="DefaultCrossOverTest.cpp">
      <Filter>UnitTest</Filter>
    </ClCompile>
    <ClCompile Include="DefaultMutationTest.cpp">
      <Filter>UnitTest</Filter>
    </ClCompile>
    <ClCompile Include="GenerationTest.cpp">
      <Filter>UnitTest</Filter>
    </ClCompile>
    <ClCompile Include="GenomeBaseTest.cpp">
      <Filter>UnitTest</Filter>
    </ClCompile>
    <ClCompile Include="GenomeClonerTest.cpp">
      <Filter>UnitTest</Filter>
    </ClCompile>
    <ClCompile Include="GenomeTest.cpp">
      <Filter>UnitTest</Filter>
    </ClCompile>
    <ClCompile Include="NeuralNetworkTest.cpp">
      <Filter>UnitTest</Filter>
    </ClCompile>
    <ClCompile Include="SpeciesBasedGenomeSelectorTest.cpp">
      <Filter>UnitTest</Filter>
    </ClCompile>
    <ClCompile Include="SpeciesChampionSelectorTest.cpp">
      <Filter>UnitTest</Filter>
    </ClCompile>
    <ClCompile Include="SpeciesTest.cpp">
      <Filter>UnitTest</Filter>
    </ClCompile>
    <ClCompile Include="Util\TestUtils.cpp">
      <Filter>Util</Filter>
    </ClCompile>
    <ClCompile Include="FeedForwardNetworkTest.cpp">
      <Filter>UnitTest</Filter>
    </ClCompile>
    <ClCompile Include="ActivationLibraryTest.cpp">
      <Filter>UnitTest</Filter>
    </ClCompile>
    <ClCompile Include="NeuralNetworkEvaluatorTest.cpp">
      <Filter>UnitTest</Filter>
    </ClCompile>
  </ItemGroup>
  <ItemGroup>
    <ClInclude Include="UnitTestPch.h" />
    <ClInclude Include="Util\TestUtils.h">
      <Filter>Util</Filter>
    </ClInclude>
    <ClInclude Include="UnitTestBaseTypes.h">
      <Filter>Util</Filter>
    </ClInclude>
  </ItemGroup>
  <ItemGroup>
    <None Include="packages.config" />
  </ItemGroup>
  <ItemGroup>
    <Filter Include="UnitTest">
      <UniqueIdentifier>{827f8762-7957-4a54-b9e1-9a5912face20}</UniqueIdentifier>
    </Filter>
    <Filter Include="Util">
      <UniqueIdentifier>{4d821edc-ba34-4188-9684-fb6e58248c9f}</UniqueIdentifier>
    </Filter>
  </ItemGroup>
</Project>