
Microsoft Visual Studio Solution File, Format Version 12.00
# Visual Studio Version 16
VisualStudioVersion = 16.0.30717.126
MinimumVisualStudioVersion = 10.0.40219.1
Project("{8BC9CEB8-8B4A-11D0-8D11-00A0C91BC942}") = "Common", "..\Source\Common\Common.vcxproj", "{656DD23A-07D7-4488-B9A7-9BB5028A3F8E}"
EndProject
Project("{8BC9CEB8-8B4A-11D0-8D11-00A0C91BC942}") = "UnitTest", "..\Test\UnitTest\UnitTest.vcxproj", "{04E943CE-7B41-42B9-AEBE-DAC3EB252CA7}"
	ProjectSection(ProjectDependencies) = postProject
		{656DD23A-07D7-4488-B9A7-9BB5028A3F8E} = {656DD23A-07D7-4488-B9A7-9BB5028A3F8E}
	EndProjectSection
EndProject
Project("{8BC9CEB8-8B4A-11D0-8D11-00A0C91BC942}") = "XorNEAT", "..\Demos\XorNEAT\XorNEAT.vcxproj", "{A79A71D5-7CDA-4F7C-BADA-8D6D6181D8DE}"
EndProject
Project("{8BC9CEB8-8B4A-11D0-8D11-00A0C91BC942}") = "CppnImageGen", "..\Demos\CppnImageGen\CppnImageGen.vcxproj", "{52704823-2412-454A-878B-2AEF86E748DE}"
EndProject
Project("{2150E333-8FDC-42A3-9474-1A3956D46DE8}") = "Demos", "Demos", "{6B879EA0-5672-4B51-90C5-FC37E28CE2C9}"
EndProject
Project("{2150E333-8FDC-42A3-9474-1A3956D46DE8}") = "Source", "Source", "{8A4A8C9A-73B2-4D9D-A3AC-4D65ED471702}"
EndProject
Project("{2150E333-8FDC-42A3-9474-1A3956D46DE8}") = "Test", "Test", "{995078C9-3F67-437D-BEE4-300AE333DAA5}"
EndProject
Project("{8BC9CEB8-8B4A-11D0-8D11-00A0C91BC942}") = "EvoAlgo", "..\Source\EvoAlgo\EvoAlgo.vcxproj", "{A8B98BD3-4244-4E79-BB1B-A5BF836F21D4}"
EndProject
Project("{8BC9CEB8-8B4A-11D0-8D11-00A0C91BC942}") = "Geometry", "..\Source\Geometry\Geometry.vcxproj", "{D0B5A7FE-7015-4960-B8F6-16671ECC6DA7}"
EndProject
Project("{8BC9CEB8-8B4A-11D0-8D11-00A0C91BC942}") = "Physics", "..\Source\Physics\Physics.vcxproj", "{8646C491-8AAD-48C9-9F3B-44D1BC751482}"
EndProject
Project("{8BC9CEB8-8B4A-11D0-8D11-00A0C91BC942}") = "kGraphics", "..\..\PhysLib\0.00.1\src\Graphics\Graphics\kGraphics.vcxproj", "{0B2DA460-2AC9-452B-AD7E-0C5E47EAB0A3}"
EndProject
Project("{8BC9CEB8-8B4A-11D0-8D11-00A0C91BC942}") = "kGraphicsDX11", "..\..\PhysLib\0.00.1\src\Graphics\DX11\kDX11Graphics.vcxproj", "{E8D53307-6BF9-4AC5-9BBE-03D048B46D7C}"
EndProject
Project("{2150E333-8FDC-42A3-9474-1A3956D46DE8}") = "Renderer", "Renderer", "{43E2CF51-3C90-4D8B-A67B-A1D05B92615C}"
EndProject
Project("{8BC9CEB8-8B4A-11D0-8D11-00A0C91BC942}") = "kBase", "..\..\PhysLib\0.00.1\src\Common\Base\kBase.vcxproj", "{4C002D6D-1CAD-4828-9E41-EE14A5626FC2}"
EndProject
Project("{8BC9CEB8-8B4A-11D0-8D11-00A0C91BC942}") = "kApplication", "..\..\PhysLib\0.00.1\src\Common\Application\kApplication.vcxproj", "{66CC4679-E990-4C4A-B2F5-60D02164107C}"
EndProject
Project("{8BC9CEB8-8B4A-11D0-8D11-00A0C91BC942}") = "kGeometry", "..\..\PhysLib\0.00.1\src\Geometry\Geometry\kGeometry.vcxproj", "{706A2393-4E19-4D25-8C55-4C7A0259CA2A}"
EndProject
Project("{8BC9CEB8-8B4A-11D0-8D11-00A0C91BC942}") = "PBDTest", "..\Demos\PBDTest\PBDTest.vcxproj", "{ACAC36D7-D566-4AD1-A564-81BACEA04A55}"
EndProject
Global
	GlobalSection(SolutionConfigurationPlatforms) = preSolution
		Debug|x64 = Debug|x64
		Debug|x86 = Debug|x86
		Release|x64 = Release|x64
		Release|x86 = Release|x86
	EndGlobalSection
	GlobalSection(ProjectConfigurationPlatforms) = postSolution
		{656DD23A-07D7-4488-B9A7-9BB5028A3F8E}.Debug|x64.ActiveCfg = Debug|x64
		{656DD23A-07D7-4488-B9A7-9BB5028A3F8E}.Debug|x64.Build.0 = Debug|x64
		{656DD23A-07D7-4488-B9A7-9BB5028A3F8E}.Debug|x86.ActiveCfg = Debug|Win32
		{656DD23A-07D7-4488-B9A7-9BB5028A3F8E}.Debug|x86.Build.0 = Debug|Win32
		{656DD23A-07D7-4488-B9A7-9BB5028A3F8E}.Release|x64.ActiveCfg = Release|x64
		{656DD23A-07D7-4488-B9A7-9BB5028A3F8E}.Release|x64.Build.0 = Release|x64
		{656DD23A-07D7-4488-B9A7-9BB5028A3F8E}.Release|x86.ActiveCfg = Release|Win32
		{656DD23A-07D7-4488-B9A7-9BB5028A3F8E}.Release|x86.Build.0 = Release|Win32
		{04E943CE-7B41-42B9-AEBE-DAC3EB252CA7}.Debug|x64.ActiveCfg = Debug|x64
		{04E943CE-7B41-42B9-AEBE-DAC3EB252CA7}.Debug|x64.Build.0 = Debug|x64
		{04E943CE-7B41-42B9-AEBE-DAC3EB252CA7}.Debug|x86.ActiveCfg = Debug|Win32
		{04E943CE-7B41-42B9-AEBE-DAC3EB252CA7}.Debug|x86.Build.0 = Debug|Win32
		{04E943CE-7B41-42B9-AEBE-DAC3EB252CA7}.Release|x64.ActiveCfg = Release|x64
		{04E943CE-7B41-42B9-AEBE-DAC3EB252CA7}.Release|x64.Build.0 = Release|x64
		{04E943CE-7B41-42B9-AEBE-DAC3EB252CA7}.Release|x86.ActiveCfg = Release|Win32
		{04E943CE-7B41-42B9-AEBE-DAC3EB252CA7}.Release|x86.Build.0 = Release|Win32
		{A79A71D5-7CDA-4F7C-BADA-8D6D6181D8DE}.Debug|x64.ActiveCfg = Debug|x64
		{A79A71D5-7CDA-4F7C-BADA-8D6D6181D8DE}.Debug|x64.Build.0 = Debug|x64
		{A79A71D5-7CDA-4F7C-BADA-8D6D6181D8DE}.Debug|x86.ActiveCfg = Debug|Win32
		{A79A71D5-7CDA-4F7C-BADA-8D6D6181D8DE}.Debug|x86.Build.0 = Debug|Win32
		{A79A71D5-7CDA-4F7C-BADA-8D6D6181D8DE}.Release|x64.ActiveCfg = Release|x64
		{A79A71D5-7CDA-4F7C-BADA-8D6D6181D8DE}.Release|x64.Build.0 = Release|x64
		{A79A71D5-7CDA-4F7C-BADA-8D6D6181D8DE}.Release|x86.ActiveCfg = Release|Win32
		{A79A71D5-7CDA-4F7C-BADA-8D6D6181D8DE}.Release|x86.Build.0 = Release|Win32
		{52704823-2412-454A-878B-2AEF86E748DE}.Debug|x64.ActiveCfg = Debug|x64
		{52704823-2412-454A-878B-2AEF86E748DE}.Debug|x64.Build.0 = Debug|x64
		{52704823-2412-454A-878B-2AEF86E748DE}.Debug|x86.ActiveCfg = Debug|Win32
		{52704823-2412-454A-878B-2AEF86E748DE}.Debug|x86.Build.0 = Debug|Win32
		{52704823-2412-454A-878B-2AEF86E748DE}.Release|x64.ActiveCfg = Release|x64
		{52704823-2412-454A-878B-2AEF86E748DE}.Release|x64.Build.0 = Release|x64
		{52704823-2412-454A-878B-2AEF86E748DE}.Release|x86.ActiveCfg = Release|Win32
		{52704823-2412-454A-878B-2AEF86E748DE}.Release|x86.Build.0 = Release|Win32
		{A8B98BD3-4244-4E79-BB1B-A5BF836F21D4}.Debug|x64.ActiveCfg = Debug|x64
		{A8B98BD3-4244-4E79-BB1B-A5BF836F21D4}.Debug|x64.Build.0 = Debug|x64
		{A8B98BD3-4244-4E79-BB1B-A5BF836F21D4}.Debug|x86.ActiveCfg = Debug|Win32
		{A8B98BD3-4244-4E79-BB1B-A5BF836F21D4}.Debug|x86.Build.0 = Debug|Win32
		{A8B98BD3-4244-4E79-BB1B-A5BF836F21D4}.Release|x64.ActiveCfg = Release|x64
		{A8B98BD3-4244-4E79-BB1B-A5BF836F21D4}.Release|x64.Build.0 = Release|x64
		{A8B98BD3-4244-4E79-BB1B-A5BF836F21D4}.Release|x86.ActiveCfg = Release|Win32
		{A8B98BD3-4244-4E79-BB1B-A5BF836F21D4}.Release|x86.Build.0 = Release|Win32
		{D0B5A7FE-7015-4960-B8F6-16671ECC6DA7}.Debug|x64.ActiveCfg = Debug|x64
		{D0B5A7FE-7015-4960-B8F6-16671ECC6DA7}.Debug|x64.Build.0 = Debug|x64
		{D0B5A7FE-7015-4960-B8F6-16671ECC6DA7}.Debug|x86.ActiveCfg = Debug|Win32
		{D0B5A7FE-7015-4960-B8F6-16671ECC6DA7}.Debug|x86.Build.0 = Debug|Win32
		{D0B5A7FE-7015-4960-B8F6-16671ECC6DA7}.Release|x64.ActiveCfg = Release|x64
		{D0B5A7FE-7015-4960-B8F6-16671ECC6DA7}.Release|x64.Build.0 = Release|x64
		{D0B5A7FE-7015-4960-B8F6-16671ECC6DA7}.Release|x86.ActiveCfg = Release|Win32
		{D0B5A7FE-7015-4960-B8F6-16671ECC6DA7}.Release|x86.Build.0 = Release|Win32
		{8646C491-8AAD-48C9-9F3B-44D1BC751482}.Debug|x64.ActiveCfg = Debug|x64
		{8646C491-8AAD-48C9-9F3B-44D1BC751482}.Debug|x64.Build.0 = Debug|x64
		{8646C491-8AAD-48C9-9F3B-44D1BC751482}.Debug|x86.ActiveCfg = Debug|Win32
		{8646C491-8AAD-48C9-9F3B-44D1BC751482}.Debug|x86.Build.0 = Debug|Win32
		{8646C491-8AAD-48C9-9F3B-44D1BC751482}.Release|x64.ActiveCfg = Release|x64
		{8646C491-8AAD-48C9-9F3B-44D1BC751482}.Release|x64.Build.0 = Release|x64
		{8646C491-8AAD-48C9-9F3B-44D1BC751482}.Release|x86.ActiveCfg = Release|Win32
		{8646C491-8AAD-48C9-9F3B-44D1BC751482}.Release|x86.Build.0 = Release|Win32
		{0B2DA460-2AC9-452B-AD7E-0C5E47EAB0A3}.Debug|x64.ActiveCfg = Debug|x64
		{0B2DA460-2AC9-452B-AD7E-0C5E47EAB0A3}.Debug|x64.Build.0 = Debug|x64
		{0B2DA460-2AC9-452B-AD7E-0C5E47EAB0A3}.Debug|x86.ActiveCfg = Debug|Win32
		{0B2DA460-2AC9-452B-AD7E-0C5E47EAB0A3}.Debug|x86.Build.0 = Debug|Win32
		{0B2DA460-2AC9-452B-AD7E-0C5E47EAB0A3}.Release|x64.ActiveCfg = Release|x64
		{0B2DA460-2AC9-452B-AD7E-0C5E47EAB0A3}.Release|x64.Build.0 = Release|x64
		{0B2DA460-2AC9-452B-AD7E-0C5E47EAB0A3}.Release|x86.ActiveCfg = Release|Win32
		{0B2DA460-2AC9-452B-AD7E-0C5E47EAB0A3}.Release|x86.Build.0 = Release|Win32
		{E8D53307-6BF9-4AC5-9BBE-03D048B46D7C}.Debug|x64.ActiveCfg = Debug|x64
		{E8D53307-6BF9-4AC5-9BBE-03D048B46D7C}.Debug|x64.Build.0 = Debug|x64
		{E8D53307-6BF9-4AC5-9BBE-03D048B46D7C}.Debug|x86.ActiveCfg = Debug|Win32
		{E8D53307-6BF9-4AC5-9BBE-03D048B46D7C}.Debug|x86.Build.0 = Debug|Win32
		{E8D53307-6BF9-4AC5-9BBE-03D048B46D7C}.Release|x64.ActiveCfg = Release|x64
		{E8D53307-6BF9-4AC5-9BBE-03D048B46D7C}.Release|x64.Build.0 = Release|x64
		{E8D53307-6BF9-4AC5-9BBE-03D048B46D7C}.Release|x86.ActiveCfg = Release|Win32
		{E8D53307-6BF9-4AC5-9BBE-03D048B46D7C}.Release|x86.Build.0 = Release|Win32
		{4C002D6D-1CAD-4828-9E41-EE14A5626FC2}.Debug|x64.ActiveCfg = Debug|x64
		{4C002D6D-1CAD-4828-9E41-EE14A5626FC2}.Debug|x64.Build.0 = Debug|x64
		{4C002D6D-1CAD-4828-9E41-EE14A5626FC2}.Debug|x86.ActiveCfg = Debug|Win32
		{4C002D6D-1CAD-4828-9E41-EE14A5626FC2}.Debug|x86.Build.0 = Debug|Win32
		{4C002D6D-1CAD-4828-9E41-EE14A5626FC2}.Release|x64.ActiveCfg = Release|x64
		{4C002D6D-1CAD-4828-9E41-EE14A5626FC2}.Release|x64.Build.0 = Release|x64
		{4C002D6D-1CAD-4828-9E41-EE14A5626FC2}.Release|x86.ActiveCfg = Release|Win32
		{4C002D6D-1CAD-4828-9E41-EE14A5626FC2}.Release|x86.Build.0 = Release|Win32
		{66CC4679-E990-4C4A-B2F5-60D02164107C}.Debug|x64.ActiveCfg = Debug|x64
		{66CC4679-E990-4C4A-B2F5-60D02164107C}.Debug|x64.Build.0 = Debug|x64
		{66CC4679-E990-4C4A-B2F5-60D02164107C}.Debug|x86.ActiveCfg = Debug|Win32
		{66CC4679-E990-4C4A-B2F5-60D02164107C}.Debug|x86.Build.0 = Debug|Win32
		{66CC4679-E990-4C4A-B2F5-60D02164107C}.Release|x64.ActiveCfg = Release|x64
		{66CC4679-E990-4C4A-B2F5-60D02164107C}.Release|x64.Build.0 = Release|x64
		{66CC4679-E990-4C4A-B2F5-60D02164107C}.Release|x86.ActiveCfg = Release|Win32
		{66CC4679-E990-4C4A-B2F5-60D02164107C}.Release|x86.Build.0 = Release|Win32
		{706A2393-4E19-4D25-8C55-4C7A0259CA2A}.Debug|x64.ActiveCfg = Debug|x64
		{706A2393-4E19-4D25-8C55-4C7A0259CA2A}.Debug|x64.Build.0 = Debug|x64
		{706A2393-4E19-4D25-8C55-4C7A0259CA2A}.Debug|x86.ActiveCfg = Debug|Win32
		{706A2393-4E19-4D25-8C55-4C7A0259CA2A}.Debug|x86.Build.0 = Debug|Win32
		{706A2393-4E19-4D25-8C55-4C7A0259CA2A}.Release|x64.ActiveCfg = Release|x64
		{706A2393-4E19-4D25-8C55-4C7A0259CA2A}.Release|x64.Build.0 = Release|x64
		{706A2393-4E19-4D25-8C55-4C7A0259CA2A}.Release|x86.ActiveCfg = Release|Win32
		{706A2393-4E19-4D25-8C55-4C7A0259CA2A}.Release|x86.Build.0 = Release|Win32
		{ACAC36D7-D566-4AD1-A564-81BACEA04A55}.Debug|x64.ActiveCfg = Debug|x64
		{ACAC36D7-D566-4AD1-A564-81BACEA04A55}.Debug|x64.Build.0 = Debug|x64
		{ACAC36D7-D566-4AD1-A564-81BACEA04A55}.Debug|x86.ActiveCfg = Debug|Win32
		{ACAC36D7-D566-4AD1-A564-81BACEA04A55}.Debug|x86.Build.0 = Debug|Win32
		{ACAC36D7-D566-4AD1-A564-81BACEA04A55}.Release|x64.ActiveCfg = Release|x64
		{ACAC36D7-D566-4AD1-A564-81BACEA04A55}.Release|x64.Build.0 = Release|x64
		{ACAC36D7-D566-4AD1-A564-81BACEA04A55}.Release|x86.ActiveCfg = Release|Win32
		{ACAC36D7-D566-4AD1-A564-81BACEA04A55}.Release|x86.Build.0 = Release|Win32
	EndGlobalSection
	GlobalSection(SolutionProperties) = preSolution
		HideSolutionNode = FALSE
	EndGlobalSection
	GlobalSection(NestedProjects) = preSolution
		{656DD23A-07D7-4488-B9A7-9BB5028A3F8E} = {8A4A8C9A-73B2-4D9D-A3AC-4D65ED471702}
		{04E943CE-7B41-42B9-AEBE-DAC3EB252CA7} = {995078C9-3F67-437D-BEE4-300AE333DAA5}
		{A79A71D5-7CDA-4F7C-BADA-8D6D6181D8DE} = {6B879EA0-5672-4B51-90C5-FC37E28CE2C9}
		{52704823-2412-454A-878B-2AEF86E748DE} = {6B879EA0-5672-4B51-90C5-FC37E28CE2C9}
		{A8B98BD3-4244-4E79-BB1B-A5BF836F21D4} = {8A4A8C9A-73B2-4D9D-A3AC-4D65ED471702}
		{D0B5A7FE-7015-4960-B8F6-16671ECC6DA7} = {8A4A8C9A-73B2-4D9D-A3AC-4D65ED471702}
		{8646C491-8AAD-48C9-9F3B-44D1BC751482} = {8A4A8C9A-73B2-4D9D-A3AC-4D65ED471702}
		{0B2DA460-2AC9-452B-AD7E-0C5E47EAB0A3} = {43E2CF51-3C90-4D8B-A67B-A1D05B92615C}
		{E8D53307-6BF9-4AC5-9BBE-03D048B46D7C} = {43E2CF51-3C90-4D8B-A67B-A1D05B92615C}
		{4C002D6D-1CAD-4828-9E41-EE14A5626FC2} = {43E2CF51-3C90-4D8B-A67B-A1D05B92615C}
		{66CC4679-E990-4C4A-B2F5-60D02164107C} = {43E2CF51-3C90-4D8B-A67B-A1D05B92615C}
		{706A2393-4E19-4D25-8C55-4C7A0259CA2A} = {43E2CF51-3C90-4D8B-A67B-A1D05B92615C}
		{ACAC36D7-D566-4AD1-A564-81BACEA04A55} = {6B879EA0-5672-4B51-90C5-FC37E28CE2C9}
	EndGlobalSection
	GlobalSection(ExtensibilityGlobals) = postSolution
		SolutionGuid = {48851B75-FA2E-47D9-957D-2CFD67987610}
	EndGlobalSection
EndGlobal
